
Microsoft Visual Studio Solution File, Format Version 12.00
# Visual Studio Version 17
VisualStudioVersion = 17.5.33516.290
MinimumVisualStudioVersion = 10.0.40219.1
Project("{FAE04EC0-301F-11D3-BF4B-00C04F79EFBC}") = "P03B_130", "P03B_130\P03B_130.csproj", "{7CAB75BE-8989-4C89-A079-F2E13EC1592E}"
EndProject
Global
	GlobalSection(SolutionConfigurationPlatforms) = preSolution
		Debug|Any CPU = Debug|Any CPU
		Release|Any CPU = Release|Any CPU
	EndGlobalSection
	GlobalSection(ProjectConfigurationPlatforms) = postSolution
		{7CAB75BE-8989-4C89-A079-F2E13EC1592E}.Debug|Any CPU.ActiveCfg = Debug|Any CPU
		{7CAB75BE-8989-4C89-A079-F2E13EC1592E}.Debug|Any CPU.Build.0 = Debug|Any CPU
		{7CAB75BE-8989-4C89-A079-F2E13EC1592E}.Release|Any CPU.ActiveCfg = Release|Any CPU
		{7CAB75BE-8989-4C89-A079-F2E13EC1592E}.Release|Any CPU.Build.0 = Release|Any CPU
	EndGlobalSection
	GlobalSection(SolutionProperties) = preSolution
		HideSolutionNode = FALSE
	EndGlobalSection
	GlobalSection(ExtensibilityGlobals) = postSolution
		SolutionGuid = {2120785F-E112-46FE-B28D-59C62EFE55DD}
	EndGlobalSection
EndGlobal
